
Microsoft Visual Studio Solution File, Format Version 12.00
# Visual Studio Version 17
VisualStudioVersion = 17.8.34309.116
MinimumVisualStudioVersion = 10.0.40219.1
Project("{FAE04EC0-301F-11D3-BF4B-00C04F79EFBC}") = "AnishCeDev.TaskManagement.Web.Api", "TaskManagement.Web.Api\AnishCeDev.TaskManagement.Web.Api.csproj", "{C08E0856-8342-4B87-9959-DE9F2B2F5886}"
EndProject
Global
	GlobalSection(SolutionConfigurationPlatforms) = preSolution
		Debug|Any CPU = Debug|Any CPU
		Release|Any CPU = Release|Any CPU
	EndGlobalSection
	GlobalSection(ProjectConfigurationPlatforms) = postSolution
		{C08E0856-8342-4B87-9959-DE9F2B2F5886}.Debug|Any CPU.ActiveCfg = Debug|Any CPU
		{C08E0856-8342-4B87-9959-DE9F2B2F5886}.Debug|Any CPU.Build.0 = Debug|Any CPU
		{C08E0856-8342-4B87-9959-DE9F2B2F5886}.Release|Any CPU.ActiveCfg = Release|Any CPU
		{C08E0856-8342-4B87-9959-DE9F2B2F5886}.Release|Any CPU.Build.0 = Release|Any CPU
	EndGlobalSection
	GlobalSection(SolutionProperties) = preSolution
		HideSolutionNode = FALSE
	EndGlobalSection
	GlobalSection(ExtensibilityGlobals) = postSolution
		SolutionGuid = {DA5C2921-BB77-4D99-850F-E7E4CE8DB479}
	EndGlobalSection
EndGlobal
