
Microsoft Visual Studio Solution File, Format Version 12.00
# Visual Studio Version 18
VisualStudioVersion = 18.10.12201.205
MinimumVisualStudioVersion = 10.0.40219.1
Project("{9A19103F-16F7-4668-BE54-9A1E7A4F7556}") = "AnishCeDev.TaskManagement.Web.Api", "TaskManagement.Web.Api\AnishCeDev.TaskManagement.Web.Api.csproj", "{C08E0856-8342-4B87-9959-DE9F2B2F5886}"
EndProject
Project("{FAE04EC0-301F-11D3-BF4B-00C04F79EFBC}") = "AnishCeDev.TaskManagement.Web.Api.Client", "TaskManagement.Web.Api.Client\AnishCeDev.TaskManagement.Web.Api.Client.csproj", "{9EDC0440-44A9-D54A-A6B7-D6B72E0EE0E1}"
EndProject
Project("{2150E333-8FDC-42A3-9474-1A3956D46DE8}") = "Api", "Api", "{0DCE86B5-5C6E-49A7-BE56-96ACDE3E07EB}"
EndProject
Project("{2150E333-8FDC-42A3-9474-1A3956D46DE8}") = "BuildAndPackages", "BuildAndPackages", "{F25F27DF-9FA7-489D-8692-66C849C74126}"
	ProjectSection(SolutionItems) = preProject
		..\..\..\Directory.Build.props = ..\..\..\Directory.Build.props
		..\..\..\Directory.Packages.props = ..\..\..\Directory.Packages.props
	EndProjectSection
EndProject
Project("{2150E333-8FDC-42A3-9474-1A3956D46DE8}") = "Client", "Client", "{110FE27B-73D3-45EB-A136-2FA00BC5C923}"
EndProject
Global
	GlobalSection(SolutionConfigurationPlatforms) = preSolution
		Debug|Any CPU = Debug|Any CPU
		Release|Any CPU = Release|Any CPU
	EndGlobalSection
	GlobalSection(ProjectConfigurationPlatforms) = postSolution
		{C08E0856-8342-4B87-9959-DE9F2B2F5886}.Debug|Any CPU.ActiveCfg = Debug|Any CPU
		{C08E0856-8342-4B87-9959-DE9F2B2F5886}.Debug|Any CPU.Build.0 = Debug|Any CPU
		{C08E0856-8342-4B87-9959-DE9F2B2F5886}.Release|Any CPU.ActiveCfg = Release|Any CPU
		{C08E0856-8342-4B87-9959-DE9F2B2F5886}.Release|Any CPU.Build.0 = Release|Any CPU
		{9EDC0440-44A9-D54A-A6B7-D6B72E0EE0E1}.Debug|Any CPU.ActiveCfg = Debug|Any CPU
		{9EDC0440-44A9-D54A-A6B7-D6B72E0EE0E1}.Debug|Any CPU.Build.0 = Debug|Any CPU
		{9EDC0440-44A9-D54A-A6B7-D6B72E0EE0E1}.Release|Any CPU.ActiveCfg = Release|Any CPU
		{9EDC0440-44A9-D54A-A6B7-D6B72E0EE0E1}.Release|Any CPU.Build.0 = Release|Any CPU
	EndGlobalSection
	GlobalSection(SolutionProperties) = preSolution
		HideSolutionNode = FALSE
	EndGlobalSection
	GlobalSection(NestedProjects) = preSolution
		{C08E0856-8342-4B87-9959-DE9F2B2F5886} = {0DCE86B5-5C6E-49A7-BE56-96ACDE3E07EB}
		{9EDC0440-44A9-D54A-A6B7-D6B72E0EE0E1} = {110FE27B-73D3-45EB-A136-2FA00BC5C923}
	EndGlobalSection
	GlobalSection(ExtensibilityGlobals) = postSolution
		SolutionGuid = {DA5C2921-BB77-4D99-850F-E7E4CE8DB479}
	EndGlobalSection
EndGlobal
