
Microsoft Visual Studio Solution File, Format Version 12.00
# Visual Studio Version 17
VisualStudioVersion = 17.8.34309.116
MinimumVisualStudioVersion = 10.0.40219.1
Project("{FAE04EC0-301F-11D3-BF4B-00C04F79EFBC}") = "AnishCeDev.TaskManagement.GraphQL.Api", "GraphQLApi\AnishCeDev.TaskManagement.GraphQL.Api.csproj", "{69C1057C-7EF1-44FF-8F86-0580862B5A0D}"
EndProject
Global
	GlobalSection(SolutionConfigurationPlatforms) = preSolution
		Debug|Any CPU = Debug|Any CPU
		Release|Any CPU = Release|Any CPU
	EndGlobalSection
	GlobalSection(ProjectConfigurationPlatforms) = postSolution
		{69C1057C-7EF1-44FF-8F86-0580862B5A0D}.Debug|Any CPU.ActiveCfg = Debug|Any CPU
		{69C1057C-7EF1-44FF-8F86-0580862B5A0D}.Debug|Any CPU.Build.0 = Debug|Any CPU
		{69C1057C-7EF1-44FF-8F86-0580862B5A0D}.Release|Any CPU.ActiveCfg = Release|Any CPU
		{69C1057C-7EF1-44FF-8F86-0580862B5A0D}.Release|Any CPU.Build.0 = Release|Any CPU
	EndGlobalSection
	GlobalSection(SolutionProperties) = preSolution
		HideSolutionNode = FALSE
	EndGlobalSection
	GlobalSection(ExtensibilityGlobals) = postSolution
		SolutionGuid = {DA5C2921-BB77-4D99-850F-E7E4CE8DB479}
	EndGlobalSection
EndGlobal
